
Microsoft Visual Studio Solution File, Format Version 12.00
# Visual Studio 14
VisualStudioVersion = 14.0.23107.0
MinimumVisualStudioVersion = 10.0.40219.1
Project("{FAE04EC0-301F-11D3-BF4B-00C04F79EFBC}") = "WinDemo", "WinDemo.csproj", "{CE1909E1-26C6-4462-A754-4854FF8F0D4D}"
EndProject
Project("{FAE04EC0-301F-11D3-BF4B-00C04F79EFBC}") = "ASPDemo", "..\ASPDemo\ASPDemo.csproj", "{95C8DFC7-0A49-4C8F-A8EC-78278B450F99}"
EndProject
Project("{FAE04EC0-301F-11D3-BF4B-00C04F79EFBC}") = "DataLayer", "DataLayer\DataLayer.csproj", "{03DA441A-1EFE-40A3-9FFB-54E263578738}"
EndProject
Global
	GlobalSection(SolutionConfigurationPlatforms) = preSolution
		Debug|Any CPU = Debug|Any CPU
		Release|Any CPU = Release|Any CPU
	EndGlobalSection
	GlobalSection(ProjectConfigurationPlatforms) = postSolution
		{CE1909E1-26C6-4462-A754-4854FF8F0D4D}.Debug|Any CPU.ActiveCfg = Debug|Any CPU
		{CE1909E1-26C6-4462-A754-4854FF8F0D4D}.Debug|Any CPU.Build.0 = Debug|Any CPU
		{CE1909E1-26C6-4462-A754-4854FF8F0D4D}.Release|Any CPU.ActiveCfg = Release|Any CPU
		{CE1909E1-26C6-4462-A754-4854FF8F0D4D}.Release|Any CPU.Build.0 = Release|Any CPU
		{95C8DFC7-0A49-4C8F-A8EC-78278B450F99}.Debug|Any CPU.ActiveCfg = Debug|Any CPU
		{95C8DFC7-0A49-4C8F-A8EC-78278B450F99}.Debug|Any CPU.Build.0 = Debug|Any CPU
		{95C8DFC7-0A49-4C8F-A8EC-78278B450F99}.Release|Any CPU.ActiveCfg = Release|Any CPU
		{95C8DFC7-0A49-4C8F-A8EC-78278B450F99}.Release|Any CPU.Build.0 = Release|Any CPU
		{03DA441A-1EFE-40A3-9FFB-54E263578738}.Debug|Any CPU.ActiveCfg = Debug|Any CPU
		{03DA441A-1EFE-40A3-9FFB-54E263578738}.Debug|Any CPU.Build.0 = Debug|Any CPU
		{03DA441A-1EFE-40A3-9FFB-54E263578738}.Release|Any CPU.ActiveCfg = Release|Any CPU
		{03DA441A-1EFE-40A3-9FFB-54E263578738}.Release|Any CPU.Build.0 = Release|Any CPU
	EndGlobalSection
	GlobalSection(SolutionProperties) = preSolution
		HideSolutionNode = FALSE
	EndGlobalSection
EndGlobal
